
Microsoft Visual Studio Solution File, Format Version 12.00
# Visual Studio 15
VisualStudioVersion = 15.0.28307.1525
MinimumVisualStudioVersion = 10.0.40219.1
Project("{8BC9CEB8-8B4A-11D0-8D11-00A0C91BC942}") = "Ctest", "Ctest\Ctest.vcxproj", "{16177994-B340-4F5F-BD49-BD7067CF6481}"
EndProject
Global
	GlobalSection(SolutionConfigurationPlatforms) = preSolution
		Debug|x64 = Debug|x64
		Debug|x86 = Debug|x86
		Release|x64 = Release|x64
		Release|x86 = Release|x86
	EndGlobalSection
	GlobalSection(ProjectConfigurationPlatforms) = postSolution
		{16177994-B340-4F5F-BD49-BD7067CF6481}.Debug|x64.ActiveCfg = Debug|x64
		{16177994-B340-4F5F-BD49-BD7067CF6481}.Debug|x64.Build.0 = Debug|x64
		{16177994-B340-4F5F-BD49-BD7067CF6481}.Debug|x86.ActiveCfg = Debug|Win32
		{16177994-B340-4F5F-BD49-BD7067CF6481}.Debug|x86.Build.0 = Debug|Win32
		{16177994-B340-4F5F-BD49-BD7067CF6481}.Release|x64.ActiveCfg = Release|x64
		{16177994-B340-4F5F-BD49-BD7067CF6481}.Release|x64.Build.0 = Release|x64
		{16177994-B340-4F5F-BD49-BD7067CF6481}.Release|x86.ActiveCfg = Release|Win32
		{16177994-B340-4F5F-BD49-BD7067CF6481}.Release|x86.Build.0 = Release|Win32
	EndGlobalSection
	GlobalSection(SolutionProperties) = preSolution
		HideSolutionNode = FALSE
	EndGlobalSection
	GlobalSection(ExtensibilityGlobals) = postSolution
		SolutionGuid = {38BD1FF8-7EFF-4C04-9097-688C2E1B2B3B}
	EndGlobalSection
EndGlobal
